
Microsoft Visual Studio Solution File, Format Version 12.00
# Visual Studio 15
VisualStudioVersion = 15.0.27130.2027
MinimumVisualStudioVersion = 10.0.40219.1
Project("{FAE04EC0-301F-11D3-BF4B-00C04F79EFBC}") = "GMonitoria.Domain", "GMonitoria.Domain\GMonitoria.Domain.csproj", "{0222463D-D953-41EF-9D7D-5851F50DF280}"
EndProject
Project("{FAE04EC0-301F-11D3-BF4B-00C04F79EFBC}") = "GMonitoria.Infrastructure", "GMonitoria.Infrastructure\GMonitoria.Infrastructure.csproj", "{2F4E3331-4EFF-43AB-91CB-1E23FA70EF4C}"
EndProject
Project("{FAE04EC0-301F-11D3-BF4B-00C04F79EFBC}") = "GMonitoria.DIP", "GMonitoria.DIP\GMonitoria.DIP.csproj", "{B6D731BB-A62B-48AB-984A-8510B659673C}"
EndProject
Project("{FAE04EC0-301F-11D3-BF4B-00C04F79EFBC}") = "GMonitoria.WebApi", "GMonitoria.WebApi\GMonitoria.WebApi.csproj", "{EC2BCF46-8FD7-4417-A930-6493BD500AEA}"
EndProject
Project("{FAE04EC0-301F-11D3-BF4B-00C04F79EFBC}") = "GMonitoria.WebAspnetMvc", "GMonitoria.WebAspnetMvc\GMonitoria.WebAspnetMvc.csproj", "{46BF826A-B2D1-4643-AFFB-C71FAC4A8CBD}"
EndProject
Project("{FAE04EC0-301F-11D3-BF4B-00C04F79EFBC}") = "GMonitoria.Infrastructure.Data", "GMonitoria.Infrastructure.Data\GMonitoria.Infrastructure.Data.csproj", "{10CFF624-2A95-4D12-91A3-2D5CB1E24FDE}"
EndProject
Global
	GlobalSection(SolutionConfigurationPlatforms) = preSolution
		Debug|Android = Debug|Android
		Debug|Any CPU = Debug|Any CPU
		Debug|iOS = Debug|iOS
		Debug|Windows-ARM = Debug|Windows-ARM
		Debug|Windows-x64 = Debug|Windows-x64
		Debug|Windows-x86 = Debug|Windows-x86
		Release|Android = Release|Android
		Release|Any CPU = Release|Any CPU
		Release|iOS = Release|iOS
		Release|Windows-ARM = Release|Windows-ARM
		Release|Windows-x64 = Release|Windows-x64
		Release|Windows-x86 = Release|Windows-x86
	EndGlobalSection
	GlobalSection(ProjectConfigurationPlatforms) = postSolution
		{0222463D-D953-41EF-9D7D-5851F50DF280}.Debug|Android.ActiveCfg = Debug|Any CPU
		{0222463D-D953-41EF-9D7D-5851F50DF280}.Debug|Android.Build.0 = Debug|Any CPU
		{0222463D-D953-41EF-9D7D-5851F50DF280}.Debug|Any CPU.ActiveCfg = Debug|Any CPU
		{0222463D-D953-41EF-9D7D-5851F50DF280}.Debug|Any CPU.Build.0 = Debug|Any CPU
		{0222463D-D953-41EF-9D7D-5851F50DF280}.Debug|iOS.ActiveCfg = Debug|Any CPU
		{0222463D-D953-41EF-9D7D-5851F50DF280}.Debug|iOS.Build.0 = Debug|Any CPU
		{0222463D-D953-41EF-9D7D-5851F50DF280}.Debug|Windows-ARM.ActiveCfg = Debug|Any CPU
		{0222463D-D953-41EF-9D7D-5851F50DF280}.Debug|Windows-ARM.Build.0 = Debug|Any CPU
		{0222463D-D953-41EF-9D7D-5851F50DF280}.Debug|Windows-x64.ActiveCfg = Debug|Any CPU
		{0222463D-D953-41EF-9D7D-5851F50DF280}.Debug|Windows-x64.Build.0 = Debug|Any CPU
		{0222463D-D953-41EF-9D7D-5851F50DF280}.Debug|Windows-x86.ActiveCfg = Debug|Any CPU
		{0222463D-D953-41EF-9D7D-5851F50DF280}.Debug|Windows-x86.Build.0 = Debug|Any CPU
		{0222463D-D953-41EF-9D7D-5851F50DF280}.Release|Android.ActiveCfg = Release|Any CPU
		{0222463D-D953-41EF-9D7D-5851F50DF280}.Release|Android.Build.0 = Release|Any CPU
		{0222463D-D953-41EF-9D7D-5851F50DF280}.Release|Any CPU.ActiveCfg = Release|Any CPU
		{0222463D-D953-41EF-9D7D-5851F50DF280}.Release|Any CPU.Build.0 = Release|Any CPU
		{0222463D-D953-41EF-9D7D-5851F50DF280}.Release|iOS.ActiveCfg = Release|Any CPU
		{0222463D-D953-41EF-9D7D-5851F50DF280}.Release|iOS.Build.0 = Release|Any CPU
		{0222463D-D953-41EF-9D7D-5851F50DF280}.Release|Windows-ARM.ActiveCfg = Release|Any CPU
		{0222463D-D953-41EF-9D7D-5851F50DF280}.Release|Windows-ARM.Build.0 = Release|Any CPU
		{0222463D-D953-41EF-9D7D-5851F50DF280}.Release|Windows-x64.ActiveCfg = Release|Any CPU
		{0222463D-D953-41EF-9D7D-5851F50DF280}.Release|Windows-x64.Build.0 = Release|Any CPU
		{0222463D-D953-41EF-9D7D-5851F50DF280}.Release|Windows-x86.ActiveCfg = Release|Any CPU
		{0222463D-D953-41EF-9D7D-5851F50DF280}.Release|Windows-x86.Build.0 = Release|Any CPU
		{2F4E3331-4EFF-43AB-91CB-1E23FA70EF4C}.Debug|Android.ActiveCfg = Debug|Any CPU
		{2F4E3331-4EFF-43AB-91CB-1E23FA70EF4C}.Debug|Android.Build.0 = Debug|Any CPU
		{2F4E3331-4EFF-43AB-91CB-1E23FA70EF4C}.Debug|Any CPU.ActiveCfg = Debug|Any CPU
		{2F4E3331-4EFF-43AB-91CB-1E23FA70EF4C}.Debug|Any CPU.Build.0 = Debug|Any CPU
		{2F4E3331-4EFF-43AB-91CB-1E23FA70EF4C}.Debug|iOS.ActiveCfg = Debug|Any CPU
		{2F4E3331-4EFF-43AB-91CB-1E23FA70EF4C}.Debug|iOS.Build.0 = Debug|Any CPU
		{2F4E3331-4EFF-43AB-91CB-1E23FA70EF4C}.Debug|Windows-ARM.ActiveCfg = Debug|Any CPU
		{2F4E3331-4EFF-43AB-91CB-1E23FA70EF4C}.Debug|Windows-ARM.Build.0 = Debug|Any CPU
		{2F4E3331-4EFF-43AB-91CB-1E23FA70EF4C}.Debug|Windows-x64.ActiveCfg = Debug|Any CPU
		{2F4E3331-4EFF-43AB-91CB-1E23FA70EF4C}.Debug|Windows-x64.Build.0 = Debug|Any CPU
		{2F4E3331-4EFF-43AB-91CB-1E23FA70EF4C}.Debug|Windows-x86.ActiveCfg = Debug|Any CPU
		{2F4E3331-4EFF-43AB-91CB-1E23FA70EF4C}.Debug|Windows-x86.Build.0 = Debug|Any CPU
		{2F4E3331-4EFF-43AB-91CB-1E23FA70EF4C}.Release|Android.ActiveCfg = Release|Any CPU
		{2F4E3331-4EFF-43AB-91CB-1E23FA70EF4C}.Release|Android.Build.0 = Release|Any CPU
		{2F4E3331-4EFF-43AB-91CB-1E23FA70EF4C}.Release|Any CPU.ActiveCfg = Release|Any CPU
		{2F4E3331-4EFF-43AB-91CB-1E23FA70EF4C}.Release|Any CPU.Build.0 = Release|Any CPU
		{2F4E3331-4EFF-43AB-91CB-1E23FA70EF4C}.Release|iOS.ActiveCfg = Release|Any CPU
		{2F4E3331-4EFF-43AB-91CB-1E23FA70EF4C}.Release|iOS.Build.0 = Release|Any CPU
		{2F4E3331-4EFF-43AB-91CB-1E23FA70EF4C}.Release|Windows-ARM.ActiveCfg = Release|Any CPU
		{2F4E3331-4EFF-43AB-91CB-1E23FA70EF4C}.Release|Windows-ARM.Build.0 = Release|Any CPU
		{2F4E3331-4EFF-43AB-91CB-1E23FA70EF4C}.Release|Windows-x64.ActiveCfg = Release|Any CPU
		{2F4E3331-4EFF-43AB-91CB-1E23FA70EF4C}.Release|Windows-x64.Build.0 = Release|Any CPU
		{2F4E3331-4EFF-43AB-91CB-1E23FA70EF4C}.Release|Windows-x86.ActiveCfg = Release|Any CPU
		{2F4E3331-4EFF-43AB-91CB-1E23FA70EF4C}.Release|Windows-x86.Build.0 = Release|Any CPU
		{B6D731BB-A62B-48AB-984A-8510B659673C}.Debug|Android.ActiveCfg = Debug|Any CPU
		{B6D731BB-A62B-48AB-984A-8510B659673C}.Debug|Android.Build.0 = Debug|Any CPU
		{B6D731BB-A62B-48AB-984A-8510B659673C}.Debug|Any CPU.ActiveCfg = Debug|Any CPU
		{B6D731BB-A62B-48AB-984A-8510B659673C}.Debug|Any CPU.Build.0 = Debug|Any CPU
		{B6D731BB-A62B-48AB-984A-8510B659673C}.Debug|iOS.ActiveCfg = Debug|Any CPU
		{B6D731BB-A62B-48AB-984A-8510B659673C}.Debug|iOS.Build.0 = Debug|Any CPU
		{B6D731BB-A62B-48AB-984A-8510B659673C}.Debug|Windows-ARM.ActiveCfg = Debug|Any CPU
		{B6D731BB-A62B-48AB-984A-8510B659673C}.Debug|Windows-ARM.Build.0 = Debug|Any CPU
		{B6D731BB-A62B-48AB-984A-8510B659673C}.Debug|Windows-x64.ActiveCfg = Debug|Any CPU
		{B6D731BB-A62B-48AB-984A-8510B659673C}.Debug|Windows-x64.Build.0 = Debug|Any CPU
		{B6D731BB-A62B-48AB-984A-8510B659673C}.Debug|Windows-x86.ActiveCfg = Debug|Any CPU
		{B6D731BB-A62B-48AB-984A-8510B659673C}.Debug|Windows-x86.Build.0 = Debug|Any CPU
		{B6D731BB-A62B-48AB-984A-8510B659673C}.Release|Android.ActiveCfg = Release|Any CPU
		{B6D731BB-A62B-48AB-984A-8510B659673C}.Release|Android.Build.0 = Release|Any CPU
		{B6D731BB-A62B-48AB-984A-8510B659673C}.Release|Any CPU.ActiveCfg = Release|Any CPU
		{B6D731BB-A62B-48AB-984A-8510B659673C}.Release|Any CPU.Build.0 = Release|Any CPU
		{B6D731BB-A62B-48AB-984A-8510B659673C}.Release|iOS.ActiveCfg = Release|Any CPU
		{B6D731BB-A62B-48AB-984A-8510B659673C}.Release|iOS.Build.0 = Release|Any CPU
		{B6D731BB-A62B-48AB-984A-8510B659673C}.Release|Windows-ARM.ActiveCfg = Release|Any CPU
		{B6D731BB-A62B-48AB-984A-8510B659673C}.Release|Windows-ARM.Build.0 = Release|Any CPU
		{B6D731BB-A62B-48AB-984A-8510B659673C}.Release|Windows-x64.ActiveCfg = Release|Any CPU
		{B6D731BB-A62B-48AB-984A-8510B659673C}.Release|Windows-x64.Build.0 = Release|Any CPU
		{B6D731BB-A62B-48AB-984A-8510B659673C}.Release|Windows-x86.ActiveCfg = Release|Any CPU
		{B6D731BB-A62B-48AB-984A-8510B659673C}.Release|Windows-x86.Build.0 = Release|Any CPU
		{EC2BCF46-8FD7-4417-A930-6493BD500AEA}.Debug|Android.ActiveCfg = Debug|Any CPU
		{EC2BCF46-8FD7-4417-A930-6493BD500AEA}.Debug|Android.Build.0 = Debug|Any CPU
		{EC2BCF46-8FD7-4417-A930-6493BD500AEA}.Debug|Any CPU.ActiveCfg = Debug|Any CPU
		{EC2BCF46-8FD7-4417-A930-6493BD500AEA}.Debug|Any CPU.Build.0 = Debug|Any CPU
		{EC2BCF46-8FD7-4417-A930-6493BD500AEA}.Debug|iOS.ActiveCfg = Debug|Any CPU
		{EC2BCF46-8FD7-4417-A930-6493BD500AEA}.Debug|iOS.Build.0 = Debug|Any CPU
		{EC2BCF46-8FD7-4417-A930-6493BD500AEA}.Debug|Windows-ARM.ActiveCfg = Debug|Any CPU
		{EC2BCF46-8FD7-4417-A930-6493BD500AEA}.Debug|Windows-ARM.Build.0 = Debug|Any CPU
		{EC2BCF46-8FD7-4417-A930-6493BD500AEA}.Debug|Windows-x64.ActiveCfg = Debug|Any CPU
		{EC2BCF46-8FD7-4417-A930-6493BD500AEA}.Debug|Windows-x64.Build.0 = Debug|Any CPU
		{EC2BCF46-8FD7-4417-A930-6493BD500AEA}.Debug|Windows-x86.ActiveCfg = Debug|Any CPU
		{EC2BCF46-8FD7-4417-A930-6493BD500AEA}.Debug|Windows-x86.Build.0 = Debug|Any CPU
		{EC2BCF46-8FD7-4417-A930-6493BD500AEA}.Release|Android.ActiveCfg = Release|Any CPU
		{EC2BCF46-8FD7-4417-A930-6493BD500AEA}.Release|Android.Build.0 = Release|Any CPU
		{EC2BCF46-8FD7-4417-A930-6493BD500AEA}.Release|Any CPU.ActiveCfg = Release|Any CPU
		{EC2BCF46-8FD7-4417-A930-6493BD500AEA}.Release|Any CPU.Build.0 = Release|Any CPU
		{EC2BCF46-8FD7-4417-A930-6493BD500AEA}.Release|iOS.ActiveCfg = Release|Any CPU
		{EC2BCF46-8FD7-4417-A930-6493BD500AEA}.Release|iOS.Build.0 = Release|Any CPU
		{EC2BCF46-8FD7-4417-A930-6493BD500AEA}.Release|Windows-ARM.ActiveCfg = Release|Any CPU
		{EC2BCF46-8FD7-4417-A930-6493BD500AEA}.Release|Windows-ARM.Build.0 = Release|Any CPU
		{EC2BCF46-8FD7-4417-A930-6493BD500AEA}.Release|Windows-x64.ActiveCfg = Release|Any CPU
		{EC2BCF46-8FD7-4417-A930-6493BD500AEA}.Release|Windows-x64.Build.0 = Release|Any CPU
		{EC2BCF46-8FD7-4417-A930-6493BD500AEA}.Release|Windows-x86.ActiveCfg = Release|Any CPU
		{EC2BCF46-8FD7-4417-A930-6493BD500AEA}.Release|Windows-x86.Build.0 = Release|Any CPU
		{46BF826A-B2D1-4643-AFFB-C71FAC4A8CBD}.Debug|Android.ActiveCfg = Debug|Any CPU
		{46BF826A-B2D1-4643-AFFB-C71FAC4A8CBD}.Debug|Android.Build.0 = Debug|Any CPU
		{46BF826A-B2D1-4643-AFFB-C71FAC4A8CBD}.Debug|Any CPU.ActiveCfg = Debug|Any CPU
		{46BF826A-B2D1-4643-AFFB-C71FAC4A8CBD}.Debug|Any CPU.Build.0 = Debug|Any CPU
		{46BF826A-B2D1-4643-AFFB-C71FAC4A8CBD}.Debug|iOS.ActiveCfg = Debug|Any CPU
		{46BF826A-B2D1-4643-AFFB-C71FAC4A8CBD}.Debug|iOS.Build.0 = Debug|Any CPU
		{46BF826A-B2D1-4643-AFFB-C71FAC4A8CBD}.Debug|Windows-ARM.ActiveCfg = Debug|Any CPU
		{46BF826A-B2D1-4643-AFFB-C71FAC4A8CBD}.Debug|Windows-ARM.Build.0 = Debug|Any CPU
		{46BF826A-B2D1-4643-AFFB-C71FAC4A8CBD}.Debug|Windows-x64.ActiveCfg = Debug|Any CPU
		{46BF826A-B2D1-4643-AFFB-C71FAC4A8CBD}.Debug|Windows-x64.Build.0 = Debug|Any CPU
		{46BF826A-B2D1-4643-AFFB-C71FAC4A8CBD}.Debug|Windows-x86.ActiveCfg = Debug|Any CPU
		{46BF826A-B2D1-4643-AFFB-C71FAC4A8CBD}.Debug|Windows-x86.Build.0 = Debug|Any CPU
		{46BF826A-B2D1-4643-AFFB-C71FAC4A8CBD}.Release|Android.ActiveCfg = Release|Any CPU
		{46BF826A-B2D1-4643-AFFB-C71FAC4A8CBD}.Release|Android.Build.0 = Release|Any CPU
		{46BF826A-B2D1-4643-AFFB-C71FAC4A8CBD}.Release|Any CPU.ActiveCfg = Release|Any CPU
		{46BF826A-B2D1-4643-AFFB-C71FAC4A8CBD}.Release|Any CPU.Build.0 = Release|Any CPU
		{46BF826A-B2D1-4643-AFFB-C71FAC4A8CBD}.Release|iOS.ActiveCfg = Release|Any CPU
		{46BF826A-B2D1-4643-AFFB-C71FAC4A8CBD}.Release|iOS.Build.0 = Release|Any CPU
		{46BF826A-B2D1-4643-AFFB-C71FAC4A8CBD}.Release|Windows-ARM.ActiveCfg = Release|Any CPU
		{46BF826A-B2D1-4643-AFFB-C71FAC4A8CBD}.Release|Windows-ARM.Build.0 = Release|Any CPU
		{46BF826A-B2D1-4643-AFFB-C71FAC4A8CBD}.Release|Windows-x64.ActiveCfg = Release|Any CPU
		{46BF826A-B2D1-4643-AFFB-C71FAC4A8CBD}.Release|Windows-x64.Build.0 = Release|Any CPU
		{46BF826A-B2D1-4643-AFFB-C71FAC4A8CBD}.Release|Windows-x86.ActiveCfg = Release|Any CPU
		{46BF826A-B2D1-4643-AFFB-C71FAC4A8CBD}.Release|Windows-x86.Build.0 = Release|Any CPU
		{10CFF624-2A95-4D12-91A3-2D5CB1E24FDE}.Debug|Android.ActiveCfg = Debug|Any CPU
		{10CFF624-2A95-4D12-91A3-2D5CB1E24FDE}.Debug|Android.Build.0 = Debug|Any CPU
		{10CFF624-2A95-4D12-91A3-2D5CB1E24FDE}.Debug|Any CPU.ActiveCfg = Debug|Any CPU
		{10CFF624-2A95-4D12-91A3-2D5CB1E24FDE}.Debug|Any CPU.Build.0 = Debug|Any CPU
		{10CFF624-2A95-4D12-91A3-2D5CB1E24FDE}.Debug|iOS.ActiveCfg = Debug|Any CPU
		{10CFF624-2A95-4D12-91A3-2D5CB1E24FDE}.Debug|iOS.Build.0 = Debug|Any CPU
		{10CFF624-2A95-4D12-91A3-2D5CB1E24FDE}.Debug|Windows-ARM.ActiveCfg = Debug|Any CPU
		{10CFF624-2A95-4D12-91A3-2D5CB1E24FDE}.Debug|Windows-ARM.Build.0 = Debug|Any CPU
		{10CFF624-2A95-4D12-91A3-2D5CB1E24FDE}.Debug|Windows-x64.ActiveCfg = Debug|Any CPU
		{10CFF624-2A95-4D12-91A3-2D5CB1E24FDE}.Debug|Windows-x64.Build.0 = Debug|Any CPU
		{10CFF624-2A95-4D12-91A3-2D5CB1E24FDE}.Debug|Windows-x86.ActiveCfg = Debug|Any CPU
		{10CFF624-2A95-4D12-91A3-2D5CB1E24FDE}.Debug|Windows-x86.Build.0 = Debug|Any CPU
		{10CFF624-2A95-4D12-91A3-2D5CB1E24FDE}.Release|Android.ActiveCfg = Release|Any CPU
		{10CFF624-2A95-4D12-91A3-2D5CB1E24FDE}.Release|Android.Build.0 = Release|Any CPU
		{10CFF624-2A95-4D12-91A3-2D5CB1E24FDE}.Release|Any CPU.ActiveCfg = Release|Any CPU
		{10CFF624-2A95-4D12-91A3-2D5CB1E24FDE}.Release|Any CPU.Build.0 = Release|Any CPU
		{10CFF624-2A95-4D12-91A3-2D5CB1E24FDE}.Release|iOS.ActiveCfg = Release|Any CPU
		{10CFF624-2A95-4D12-91A3-2D5CB1E24FDE}.Release|iOS.Build.0 = Release|Any CPU
		{10CFF624-2A95-4D12-91A3-2D5CB1E24FDE}.Release|Windows-ARM.ActiveCfg = Release|Any CPU
		{10CFF624-2A95-4D12-91A3-2D5CB1E24FDE}.Release|Windows-ARM.Build.0 = Release|Any CPU
		{10CFF624-2A95-4D12-91A3-2D5CB1E24FDE}.Release|Windows-x64.ActiveCfg = Release|Any CPU
		{10CFF624-2A95-4D12-91A3-2D5CB1E24FDE}.Release|Windows-x64.Build.0 = Release|Any CPU
		{10CFF624-2A95-4D12-91A3-2D5CB1E24FDE}.Release|Windows-x86.ActiveCfg = Release|Any CPU
		{10CFF624-2A95-4D12-91A3-2D5CB1E24FDE}.Release|Windows-x86.Build.0 = Release|Any CPU
	EndGlobalSection
	GlobalSection(SolutionProperties) = preSolution
		HideSolutionNode = FALSE
	EndGlobalSection
	GlobalSection(ExtensibilityGlobals) = postSolution
		SolutionGuid = {9A3E53D7-F76C-4A6B-8893-D40FA99DF4F2}
	EndGlobalSection
EndGlobal
